<Solution>
  <Project Path="TA-ITS015-WEBAPI-V1.0/src/Modules/CCTV/Module.CCTV/Module.CCTV.csproj" />
  <Project Path="TA-ITS015-WEBAPI-V1.0/src/Modules/CfgSystem/Modules.CfgSystem.Core/Modules.CfgSystem.Core.csproj" />
  <Project Path="TA-ITS015-WEBAPI-V1.0/src/Modules/CfgSystem/Modules.CfgSystem/Modules.CfgSystem.csproj" />
  <Project Path="TA-ITS015-WEBAPI-V1.0/src/Modules/DataTransporter/Modules.DataTransporter.Base/Modules.DataTransporter.Base.csproj" />
  <Project Path="TA-ITS015-WEBAPI-V1.0/src/Modules/DataTransporter/Modules.DataTransporter.ITS/Modules.DataTransporter.ITS.csproj" />
  <Project Path="TA-ITS015-WEBAPI-V1.0/src/Modules/DataTransporter/Modules.DataTransporter.Natsio/Modules.DataTransporter.Natsio.csproj" />
  <Project Path="TA-ITS015-WEBAPI-V1.0/src/Modules/DataTransporter/Modules.DataTransporter.SocketCluster/Modules.DataTransporter.SocketCluster.csproj" />
  <Project Path="TA-ITS015-WEBAPI-V1.0/src/Modules/FMS/Modules.FMS.Report/Modules.FMS.Report.csproj" />
  <Project Path="TA-ITS015-WEBAPI-V1.0/src/Modules/FMS/Modules.FMS/Modules.FMS.csproj" />
  <Project Path="TA-ITS015-WEBAPI-V1.0/src/Modules/Integration/CCTV/Module.Integration.NxVms/Module.Integration.CCTV.csproj" />
  <Project Path="TA-ITS015-WEBAPI-V1.0/src/Modules/Integration/Modules.Integration.VMS/Modules.Integration.VMS.csproj" />
  <Project Path="TA-ITS015-WEBAPI-V1.0/src/Modules/Integration/VMS/Modules.Integration.VMS.Base/Modules.Integration.VMS.Base.csproj" />
  <Project Path="TA-ITS015-WEBAPI-V1.0/src/Modules/Mail/Module.Mail/Modules.Mail.csproj" />
  <Project Path="TA-ITS015-WEBAPI-V1.0/src/Modules/Report/Modules.Report.Core/Modules.Report.Core.csproj" />
  <Project Path="TA-ITS015-WEBAPI-V1.0/src/Modules/Report/Modules.Report/Modules.Report.csproj" />
  <Project Path="TA-ITS015-WEBAPI-V1.0/src/Modules/ShareData/Module.ShareData.Core/Module.ShareData.Core/Module.ShareData.Core.csproj" />
  <Project Path="TA-ITS015-WEBAPI-V1.0/src/Modules/ShareData/Module.ShareData/Module.ShareData.csproj" />
  <Project Path="TA-ITS015-WEBAPI-V1.0/src/Modules/TMS/Modules.TMS.Core/Modules.TMS.Core.csproj" />
  <Project Path="TA-ITS015-WEBAPI-V1.0/src/Modules/TMS/Modules.TMS.Report/Modules.TMS.Report.csproj" />
  <Project Path="TA-ITS015-WEBAPI-V1.0/src/Modules/TMS/Modules.TMS/Modules.TMS.csproj" />
  <Project Path="TA-ITS015-WEBAPI-V1.0/src/Modules/TOLL/Module.TOLL.Core/Module.TOLL.Core.csproj" />
  <Project Path="TA-ITS015-WEBAPI-V1.0/src/Modules/TOLL/Module.TOLL.Report/Module.TOLL.Report.csproj" />
  <Project Path="TA-ITS015-WEBAPI-V1.0/src/Modules/TOLL/Module.Toll/Module.TOLL.csproj" />
  <Project Path="TA-ITS015-WEBAPI-V1.0/src/Modules/VideoWall/Module.VideoWall.Core/Module.VideoWall.Core.csproj" />
  <Project Path="TA-ITS015-WEBAPI-V1.0/src/Modules/VideoWall/Module.VideoWall/Module.VideoWall.csproj" />
  <Project Path="TA-ITS015-WEBAPI-V1.0/src/Modules/VMS/Modules.VMS.Core/Modules.VMS.Core.csproj" />
  <Project Path="TA-ITS015-WEBAPI-V1.0/src/Modules/VMS/Modules.VMS/Modules.VMS.csproj" />
  <Project Path="TA-ITS015-WEBAPI-V1.0/src/Modules/WP/Modules.WP.Report/Modules.WP.Report.csproj" />
  <Project Path="TA-ITS015-WEBAPI-V1.0/src/Modules/WP/Modules.WP/Modules.WP.csproj" />
  <Project Path="TA-ITS015-WEBAPI-V1.0/src/Shared/Shared.DTO/Shared.DTO.csproj" />
  <Project Path="TA-ITS015-WEBAPI-V1.0/src/Shared/Shared.Reference/Shared.Reference.csproj" />
  <Project Path="TA-ITS015-WEBAPI-V1.0/src/Shared/Shared.Utility/Shared.Utility.csproj" />
  <Project Path="TA-ITS015-WEBAPI-V1.0/src/TAC_WebAPI/TAC_WebAPI.csproj" />
  <Project Path="tests/test.csproj" />
</Solution>
