<Solution>
  <Folder Name="/TA-ITS015-WEBAPI-V1.0/" />
  <Folder Name="/TA-ITS015-WEBAPI-V1.0/src/">
    <Project Path="TA-ITS015-WEBAPI-V1.0/src/TAC_WebAPI/TAC_WebAPI.csproj" />
  </Folder>
  <Folder Name="/TA-ITS015-WEBAPI-V1.0/src/Modules/" />
  <Folder Name="/TA-ITS015-WEBAPI-V1.0/src/Modules/CCTV/">
    <Project Path="TA-ITS015-WEBAPI-V1.0/src/Modules/CCTV/Module.CCTV/Module.CCTV.csproj" />
  </Folder>
  <Folder Name="/TA-ITS015-WEBAPI-V1.0/src/Modules/CfgSystem/">
    <Project Path="TA-ITS015-WEBAPI-V1.0/src/Modules/CfgSystem/Modules.CfgSystem.Core/Modules.CfgSystem.Core.csproj" />
    <Project Path="TA-ITS015-WEBAPI-V1.0/src/Modules/CfgSystem/Modules.CfgSystem/Modules.CfgSystem.csproj" />
  </Folder>
  <Folder Name="/TA-ITS015-WEBAPI-V1.0/src/Modules/DataTransporter/">
    <Project Path="TA-ITS015-WEBAPI-V1.0/src/Modules/DataTransporter/Modules.DataTransporter.Base/Modules.DataTransporter.Base.csproj" />
    <Project Path="TA-ITS015-WEBAPI-V1.0/src/Modules/DataTransporter/Modules.DataTransporter.ITS/Modules.DataTransporter.ITS.csproj" />
    <Project Path="TA-ITS015-WEBAPI-V1.0/src/Modules/DataTransporter/Modules.DataTransporter.Natsio/Modules.DataTransporter.Natsio.csproj" />
    <Project Path="TA-ITS015-WEBAPI-V1.0/src/Modules/DataTransporter/Modules.DataTransporter.SocketCluster/Modules.DataTransporter.SocketCluster.csproj" />
  </Folder>
  <Folder Name="/TA-ITS015-WEBAPI-V1.0/src/Modules/FMS/">
    <Project Path="TA-ITS015-WEBAPI-V1.0/src/Modules/FMS/Modules.FMS.Report/Modules.FMS.Report.csproj" />
    <Project Path="TA-ITS015-WEBAPI-V1.0/src/Modules/FMS/Modules.FMS/Modules.FMS.csproj" />
  </Folder>
  <Folder Name="/TA-ITS015-WEBAPI-V1.0/src/Modules/Integration/">
    <Project Path="TA-ITS015-WEBAPI-V1.0/src/Modules/Integration/Modules.Integration.VMS/Modules.Integration.VMS.csproj" />
  </Folder>
  <Folder Name="/TA-ITS015-WEBAPI-V1.0/src/Modules/Integration/CCTV/" />
  <Folder Name="/TA-ITS015-WEBAPI-V1.0/src/Modules/Integration/CCTV/Module.Integration.NxVms/">
    <Project Path="TA-ITS015-WEBAPI-V1.0/src/Modules/Integration/CCTV/Module.Integration.NxVms/Module.Integration.CCTV.csproj" />
  </Folder>
  <Folder Name="/TA-ITS015-WEBAPI-V1.0/src/Modules/Integration/VMS/">
    <Project Path="TA-ITS015-WEBAPI-V1.0/src/Modules/Integration/VMS/Modules.Integration.VMS.Base/Modules.Integration.VMS.Base.csproj" />
  </Folder>
  <Folder Name="/TA-ITS015-WEBAPI-V1.0/src/Modules/Mail/" />
  <Folder Name="/TA-ITS015-WEBAPI-V1.0/src/Modules/Mail/Module.Mail/">
    <Project Path="TA-ITS015-WEBAPI-V1.0/src/Modules/Mail/Module.Mail/Modules.Mail.csproj" />
  </Folder>
  <Folder Name="/TA-ITS015-WEBAPI-V1.0/src/Modules/Report/">
    <Project Path="TA-ITS015-WEBAPI-V1.0/src/Modules/Report/Modules.Report.Core/Modules.Report.Core.csproj" />
    <Project Path="TA-ITS015-WEBAPI-V1.0/src/Modules/Report/Modules.Report/Modules.Report.csproj" />
  </Folder>
  <Folder Name="/TA-ITS015-WEBAPI-V1.0/src/Modules/ShareData/">
    <Project Path="TA-ITS015-WEBAPI-V1.0/src/Modules/ShareData/Module.ShareData/Module.ShareData.csproj" />
  </Folder>
  <Folder Name="/TA-ITS015-WEBAPI-V1.0/src/Modules/ShareData/Module.ShareData.Core/">
    <Project Path="TA-ITS015-WEBAPI-V1.0/src/Modules/ShareData/Module.ShareData.Core/Module.ShareData.Core/Module.ShareData.Core.csproj" />
  </Folder>
  <Folder Name="/TA-ITS015-WEBAPI-V1.0/src/Modules/TMS/">
    <Project Path="TA-ITS015-WEBAPI-V1.0/src/Modules/TMS/Modules.TMS.Core/Modules.TMS.Core.csproj" />
    <Project Path="TA-ITS015-WEBAPI-V1.0/src/Modules/TMS/Modules.TMS.Report/Modules.TMS.Report.csproj" />
    <Project Path="TA-ITS015-WEBAPI-V1.0/src/Modules/TMS/Modules.TMS/Modules.TMS.csproj" />
  </Folder>
  <Folder Name="/TA-ITS015-WEBAPI-V1.0/src/Modules/TOLL/">
    <Project Path="TA-ITS015-WEBAPI-V1.0/src/Modules/TOLL/Module.TOLL.Core/Module.TOLL.Core.csproj" />
    <Project Path="TA-ITS015-WEBAPI-V1.0/src/Modules/TOLL/Module.TOLL.Report/Module.TOLL.Report.csproj" />
  </Folder>
  <Folder Name="/TA-ITS015-WEBAPI-V1.0/src/Modules/TOLL/Module.Toll/">
    <Project Path="TA-ITS015-WEBAPI-V1.0/src/Modules/TOLL/Module.Toll/Module.TOLL.csproj" />
  </Folder>
  <Folder Name="/TA-ITS015-WEBAPI-V1.0/src/Modules/VideoWall/">
    <Project Path="TA-ITS015-WEBAPI-V1.0/src/Modules/VideoWall/Module.VideoWall.Core/Module.VideoWall.Core.csproj" />
    <Project Path="TA-ITS015-WEBAPI-V1.0/src/Modules/VideoWall/Module.VideoWall/Module.VideoWall.csproj" />
  </Folder>
  <Folder Name="/TA-ITS015-WEBAPI-V1.0/src/Modules/VMS/">
    <Project Path="TA-ITS015-WEBAPI-V1.0/src/Modules/VMS/Modules.VMS.Core/Modules.VMS.Core.csproj" />
    <Project Path="TA-ITS015-WEBAPI-V1.0/src/Modules/VMS/Modules.VMS/Modules.VMS.csproj" />
  </Folder>
  <Folder Name="/TA-ITS015-WEBAPI-V1.0/src/Modules/WP/">
    <Project Path="TA-ITS015-WEBAPI-V1.0/src/Modules/WP/Modules.WP.Report/Modules.WP.Report.csproj" />
    <Project Path="TA-ITS015-WEBAPI-V1.0/src/Modules/WP/Modules.WP/Modules.WP.csproj" />
  </Folder>
  <Folder Name="/TA-ITS015-WEBAPI-V1.0/src/Services/" />
  <Folder Name="/TA-ITS015-WEBAPI-V1.0/src/Services/ShareData/">
    <Project Path="TA-ITS015-WEBAPI-V1.0/src/Services/ShareData/ShareDataWorker.Core/ShareDataWorker.Core.csproj" />
    <Project Path="TA-ITS015-WEBAPI-V1.0/src/Services/ShareData/ShareDataWorker/ShareDataWorker.csproj" />
  </Folder>
  <Folder Name="/TA-ITS015-WEBAPI-V1.0/src/Shared/">
    <Project Path="TA-ITS015-WEBAPI-V1.0/src/Shared/Shared.DTO/Shared.DTO.csproj" />
    <Project Path="TA-ITS015-WEBAPI-V1.0/src/Shared/Shared.Reference/Shared.Reference.csproj" />
    <Project Path="TA-ITS015-WEBAPI-V1.0/src/Shared/Shared.Utility/Shared.Utility.csproj" />
  </Folder>
  <Project Path="tests/test.csproj" />
</Solution>
