
Microsoft Visual Studio Solution File, Format Version 12.00
# Visual Studio Version 17
VisualStudioVersion = 17.1.32210.238
MinimumVisualStudioVersion = 10.0.40219.1
Project("{9A19103F-16F7-4668-BE54-9A1E7A4F7556}") = "TAC_WebAPI", "src\TAC_WebAPI\TAC_WebAPI.csproj", "{08905F51-7A2E-42B6-8B31-FEB357794C6D}"
EndProject
Project("{2150E333-8FDC-42A3-9474-1A3956D46DE8}") = "Modules", "Modules", "{FE2B3EB9-FC58-4301-AB82-983982C24AED}"
EndProject
Project("{2150E333-8FDC-42A3-9474-1A3956D46DE8}") = "Shared", "Shared", "{9AD6D766-E64B-4F52-9769-87AE6CA29E4A}"
EndProject
Project("{2150E333-8FDC-42A3-9474-1A3956D46DE8}") = "API", "API", "{55C8A554-382D-40E9-94D8-2C9AFE1C76E5}"
EndProject
Project("{2150E333-8FDC-42A3-9474-1A3956D46DE8}") = "Samplev2", "Samplev2", "{97D38D84-E36A-464D-ADEA-4599C92F5F60}"
EndProject
Project("{9A19103F-16F7-4668-BE54-9A1E7A4F7556}") = "Modules.Samplev2", "src\Modules\Samplev2\Modules.Samplev2\Modules.Samplev2.csproj", "{E23D6954-AC20-4204-9853-57A219EF3648}"
EndProject
Project("{2150E333-8FDC-42A3-9474-1A3956D46DE8}") = "Tools", "Tools", "{3A515359-A8F6-4F40-9799-69C50557E1EC}"
EndProject
Project("{9A19103F-16F7-4668-BE54-9A1E7A4F7556}") = "Shared.DTO", "src\Shared\Shared.DTO\Shared.DTO.csproj", "{9B077F7B-F085-4293-9CF5-ACC6D4637497}"
EndProject
Project("{9A19103F-16F7-4668-BE54-9A1E7A4F7556}") = "Shared.Reference", "src\Shared\Shared.Reference\Shared.Reference.csproj", "{CE1E9F05-3DC6-404C-95C3-BA4DF15093AF}"
EndProject
Project("{2150E333-8FDC-42A3-9474-1A3956D46DE8}") = "System", "System", "{77B25820-BA9B-44D5-AF1D-BEEAC02E1CE3}"
EndProject
Project("{2150E333-8FDC-42A3-9474-1A3956D46DE8}") = "Report", "Report", "{1439494D-21B7-45F2-AB53-C6870ECF55D5}"
EndProject
Project("{9A19103F-16F7-4668-BE54-9A1E7A4F7556}") = "Modules.FSystem", "src\Modules\System\Modules.FSystem\Modules.FSystem.csproj", "{56E3BA5D-C570-4891-893F-CE086B7AE1EE}"
EndProject
Project("{9A19103F-16F7-4668-BE54-9A1E7A4F7556}") = "Modules.Report.Demo", "src\Modules\Report\Modules.Report.Demo\Modules.Report.Demo.csproj", "{D9B83955-0BCD-45C6-A16A-F4DEAB34985E}"
EndProject
Project("{9A19103F-16F7-4668-BE54-9A1E7A4F7556}") = "Modules.CfgSystem", "src\Modules\CfgSystem\Modules.CfgSystem\Modules.CfgSystem.csproj", "{83C79270-976D-4B45-920B-4AD9FAB46754}"
EndProject
Project("{9A19103F-16F7-4668-BE54-9A1E7A4F7556}") = "Modules.Report.FBase", "src\Modules\Report\Modules.Report.FBase\Modules.Report.FBase.csproj", "{6F853AE7-DDA3-4BAD-87C2-34686844215B}"
EndProject
Project("{9A19103F-16F7-4668-BE54-9A1E7A4F7556}") = "Shared.Utility", "src\Shared\Shared.Utility\Shared.Utility.csproj", "{BD4572D2-2505-4DF0-AABF-3D5ACC0C81E1}"
EndProject
Project("{9A19103F-16F7-4668-BE54-9A1E7A4F7556}") = "Modules.Sample.Report", "src\Modules\Samplev2\Modules.Sample.Report\Modules.Sample.Report.csproj", "{DC7FF640-8E5D-4448-B82C-06AC52D37073}"
EndProject
Global
	GlobalSection(SolutionConfigurationPlatforms) = preSolution
		Debug|Any CPU = Debug|Any CPU
		Release|Any CPU = Release|Any CPU
	EndGlobalSection
	GlobalSection(ProjectConfigurationPlatforms) = postSolution
		{08905F51-7A2E-42B6-8B31-FEB357794C6D}.Debug|Any CPU.ActiveCfg = Debug|Any CPU
		{08905F51-7A2E-42B6-8B31-FEB357794C6D}.Debug|Any CPU.Build.0 = Debug|Any CPU
		{08905F51-7A2E-42B6-8B31-FEB357794C6D}.Release|Any CPU.ActiveCfg = Release|Any CPU
		{08905F51-7A2E-42B6-8B31-FEB357794C6D}.Release|Any CPU.Build.0 = Release|Any CPU
		{E23D6954-AC20-4204-9853-57A219EF3648}.Debug|Any CPU.ActiveCfg = Debug|Any CPU
		{E23D6954-AC20-4204-9853-57A219EF3648}.Debug|Any CPU.Build.0 = Debug|Any CPU
		{E23D6954-AC20-4204-9853-57A219EF3648}.Release|Any CPU.ActiveCfg = Release|Any CPU
		{E23D6954-AC20-4204-9853-57A219EF3648}.Release|Any CPU.Build.0 = Release|Any CPU
		{9B077F7B-F085-4293-9CF5-ACC6D4637497}.Debug|Any CPU.ActiveCfg = Debug|Any CPU
		{9B077F7B-F085-4293-9CF5-ACC6D4637497}.Debug|Any CPU.Build.0 = Debug|Any CPU
		{9B077F7B-F085-4293-9CF5-ACC6D4637497}.Release|Any CPU.ActiveCfg = Release|Any CPU
		{9B077F7B-F085-4293-9CF5-ACC6D4637497}.Release|Any CPU.Build.0 = Release|Any CPU
		{CE1E9F05-3DC6-404C-95C3-BA4DF15093AF}.Debug|Any CPU.ActiveCfg = Debug|Any CPU
		{CE1E9F05-3DC6-404C-95C3-BA4DF15093AF}.Debug|Any CPU.Build.0 = Debug|Any CPU
		{CE1E9F05-3DC6-404C-95C3-BA4DF15093AF}.Release|Any CPU.ActiveCfg = Release|Any CPU
		{CE1E9F05-3DC6-404C-95C3-BA4DF15093AF}.Release|Any CPU.Build.0 = Release|Any CPU
		{56E3BA5D-C570-4891-893F-CE086B7AE1EE}.Debug|Any CPU.ActiveCfg = Debug|Any CPU
		{56E3BA5D-C570-4891-893F-CE086B7AE1EE}.Debug|Any CPU.Build.0 = Debug|Any CPU
		{56E3BA5D-C570-4891-893F-CE086B7AE1EE}.Release|Any CPU.ActiveCfg = Release|Any CPU
		{56E3BA5D-C570-4891-893F-CE086B7AE1EE}.Release|Any CPU.Build.0 = Release|Any CPU
		{D9B83955-0BCD-45C6-A16A-F4DEAB34985E}.Debug|Any CPU.ActiveCfg = Debug|Any CPU
		{D9B83955-0BCD-45C6-A16A-F4DEAB34985E}.Debug|Any CPU.Build.0 = Debug|Any CPU
		{D9B83955-0BCD-45C6-A16A-F4DEAB34985E}.Release|Any CPU.ActiveCfg = Release|Any CPU
		{D9B83955-0BCD-45C6-A16A-F4DEAB34985E}.Release|Any CPU.Build.0 = Release|Any CPU
		{83C79270-976D-4B45-920B-4AD9FAB46754}.Debug|Any CPU.ActiveCfg = Debug|Any CPU
		{83C79270-976D-4B45-920B-4AD9FAB46754}.Debug|Any CPU.Build.0 = Debug|Any CPU
		{83C79270-976D-4B45-920B-4AD9FAB46754}.Release|Any CPU.ActiveCfg = Release|Any CPU
		{83C79270-976D-4B45-920B-4AD9FAB46754}.Release|Any CPU.Build.0 = Release|Any CPU
		{6F853AE7-DDA3-4BAD-87C2-34686844215B}.Debug|Any CPU.ActiveCfg = Debug|Any CPU
		{6F853AE7-DDA3-4BAD-87C2-34686844215B}.Debug|Any CPU.Build.0 = Debug|Any CPU
		{6F853AE7-DDA3-4BAD-87C2-34686844215B}.Release|Any CPU.ActiveCfg = Release|Any CPU
		{6F853AE7-DDA3-4BAD-87C2-34686844215B}.Release|Any CPU.Build.0 = Release|Any CPU
		{BD4572D2-2505-4DF0-AABF-3D5ACC0C81E1}.Debug|Any CPU.ActiveCfg = Debug|Any CPU
		{BD4572D2-2505-4DF0-AABF-3D5ACC0C81E1}.Debug|Any CPU.Build.0 = Debug|Any CPU
		{BD4572D2-2505-4DF0-AABF-3D5ACC0C81E1}.Release|Any CPU.ActiveCfg = Release|Any CPU
		{BD4572D2-2505-4DF0-AABF-3D5ACC0C81E1}.Release|Any CPU.Build.0 = Release|Any CPU
		{DC7FF640-8E5D-4448-B82C-06AC52D37073}.Debug|Any CPU.ActiveCfg = Debug|Any CPU
		{DC7FF640-8E5D-4448-B82C-06AC52D37073}.Debug|Any CPU.Build.0 = Debug|Any CPU
		{DC7FF640-8E5D-4448-B82C-06AC52D37073}.Release|Any CPU.ActiveCfg = Release|Any CPU
		{DC7FF640-8E5D-4448-B82C-06AC52D37073}.Release|Any CPU.Build.0 = Release|Any CPU
	EndGlobalSection
	GlobalSection(SolutionProperties) = preSolution
		HideSolutionNode = FALSE
	EndGlobalSection
	GlobalSection(NestedProjects) = preSolution
		{08905F51-7A2E-42B6-8B31-FEB357794C6D} = {55C8A554-382D-40E9-94D8-2C9AFE1C76E5}
		{97D38D84-E36A-464D-ADEA-4599C92F5F60} = {FE2B3EB9-FC58-4301-AB82-983982C24AED}
		{E23D6954-AC20-4204-9853-57A219EF3648} = {97D38D84-E36A-464D-ADEA-4599C92F5F60}
		{9B077F7B-F085-4293-9CF5-ACC6D4637497} = {9AD6D766-E64B-4F52-9769-87AE6CA29E4A}
		{CE1E9F05-3DC6-404C-95C3-BA4DF15093AF} = {9AD6D766-E64B-4F52-9769-87AE6CA29E4A}
		{77B25820-BA9B-44D5-AF1D-BEEAC02E1CE3} = {FE2B3EB9-FC58-4301-AB82-983982C24AED}
		{1439494D-21B7-45F2-AB53-C6870ECF55D5} = {FE2B3EB9-FC58-4301-AB82-983982C24AED}
		{56E3BA5D-C570-4891-893F-CE086B7AE1EE} = {77B25820-BA9B-44D5-AF1D-BEEAC02E1CE3}
		{D9B83955-0BCD-45C6-A16A-F4DEAB34985E} = {1439494D-21B7-45F2-AB53-C6870ECF55D5}
		{83C79270-976D-4B45-920B-4AD9FAB46754} = {77B25820-BA9B-44D5-AF1D-BEEAC02E1CE3}
		{6F853AE7-DDA3-4BAD-87C2-34686844215B} = {1439494D-21B7-45F2-AB53-C6870ECF55D5}
		{BD4572D2-2505-4DF0-AABF-3D5ACC0C81E1} = {9AD6D766-E64B-4F52-9769-87AE6CA29E4A}
		{DC7FF640-8E5D-4448-B82C-06AC52D37073} = {97D38D84-E36A-464D-ADEA-4599C92F5F60}
	EndGlobalSection
	GlobalSection(ExtensibilityGlobals) = postSolution
		SolutionGuid = {A5756327-D1D8-4B21-B23B-2D7BD449B1F5}
	EndGlobalSection
EndGlobal
